
Microsoft Visual Studio Solution File, Format Version 12.00
# Visual Studio Version 17
VisualStudioVersion = 17.13.35913.81
MinimumVisualStudioVersion = 10.0.40219.1
Project("{FAE04EC0-301F-11D3-BF4B-00C04F79EFBC}") = "Newtree", "Newtree\Newtree.csproj", "{4294AE38-2EF7-4DD2-80B5-0B649EA21EBC}"
EndProject
Global
	GlobalSection(SolutionConfigurationPlatforms) = preSolution
		Debug|Any CPU = Debug|Any CPU
		Release|Any CPU = Release|Any CPU
	EndGlobalSection
	GlobalSection(ProjectConfigurationPlatforms) = postSolution
		{4294AE38-2EF7-4DD2-80B5-0B649EA21EBC}.Debug|Any CPU.ActiveCfg = Debug|Any CPU
		{4294AE38-2EF7-4DD2-80B5-0B649EA21EBC}.Debug|Any CPU.Build.0 = Debug|Any CPU
		{4294AE38-2EF7-4DD2-80B5-0B649EA21EBC}.Release|Any CPU.ActiveCfg = Release|Any CPU
		{4294AE38-2EF7-4DD2-80B5-0B649EA21EBC}.Release|Any CPU.Build.0 = Release|Any CPU
	EndGlobalSection
	GlobalSection(SolutionProperties) = preSolution
		HideSolutionNode = FALSE
	EndGlobalSection
	GlobalSection(ExtensibilityGlobals) = postSolution
		SolutionGuid = {7390C43F-FE65-4021-B513-6DFF28614DCE}
	EndGlobalSection
EndGlobal
